
Microsoft Visual Studio Solution File, Format Version 12.00
# Visual Studio Version 17
VisualStudioVersion = 17.1.32414.318
MinimumVisualStudioVersion = 10.0.40219.1
Project("{FAE04EC0-301F-11D3-BF4B-00C04F79EFBC}") = "Proiect1", "Proiect1\Proiect1.csproj", "{F25971AB-07B2-4BB4-AB33-C1982BB1D410}"
EndProject
Global
	GlobalSection(SolutionConfigurationPlatforms) = preSolution
		Debug|Any CPU = Debug|Any CPU
		Release|Any CPU = Release|Any CPU
	EndGlobalSection
	GlobalSection(ProjectConfigurationPlatforms) = postSolution
		{F25971AB-07B2-4BB4-AB33-C1982BB1D410}.Debug|Any CPU.ActiveCfg = Debug|Any CPU
		{F25971AB-07B2-4BB4-AB33-C1982BB1D410}.Debug|Any CPU.Build.0 = Debug|Any CPU
		{F25971AB-07B2-4BB4-AB33-C1982BB1D410}.Release|Any CPU.ActiveCfg = Release|Any CPU
		{F25971AB-07B2-4BB4-AB33-C1982BB1D410}.Release|Any CPU.Build.0 = Release|Any CPU
	EndGlobalSection
	GlobalSection(SolutionProperties) = preSolution
		HideSolutionNode = FALSE
	EndGlobalSection
	GlobalSection(ExtensibilityGlobals) = postSolution
		SolutionGuid = {B3BF7B60-458E-4DEC-8998-C35D2AB9C98E}
	EndGlobalSection
EndGlobal
